
Microsoft Visual Studio Solution File, Format Version 12.00
# Visual Studio 2012
Project("{FAE04EC0-301F-11D3-BF4B-00C04F79EFBC}") = "PubSubSQL", "api\PubSubSQL.csproj", "{F604077F-2E80-4023-988B-3737F039ACA1}"
EndProject
Project("{FAE04EC0-301F-11D3-BF4B-00C04F79EFBC}") = "PubSubSQLTest", "test\PubSubSQLTest.csproj", "{2767EBAB-9D06-4C7B-A4FC-28DB7AE06798}"
EndProject
Project("{FAE04EC0-301F-11D3-BF4B-00C04F79EFBC}") = "PubSubSQLGUI", "gui\PubSubSQLGUI.csproj", "{35154A9B-12EE-4A0E-86B9-E8E11FBD9BCC}"
EndProject
Global
	GlobalSection(SolutionConfigurationPlatforms) = preSolution
		Debug|Any CPU = Debug|Any CPU
		Release|Any CPU = Release|Any CPU
	EndGlobalSection
	GlobalSection(ProjectConfigurationPlatforms) = postSolution
		{F604077F-2E80-4023-988B-3737F039ACA1}.Debug|Any CPU.ActiveCfg = Debug|Any CPU
		{F604077F-2E80-4023-988B-3737F039ACA1}.Debug|Any CPU.Build.0 = Debug|Any CPU
		{F604077F-2E80-4023-988B-3737F039ACA1}.Release|Any CPU.ActiveCfg = Release|Any CPU
		{F604077F-2E80-4023-988B-3737F039ACA1}.Release|Any CPU.Build.0 = Release|Any CPU
		{2767EBAB-9D06-4C7B-A4FC-28DB7AE06798}.Debug|Any CPU.ActiveCfg = Debug|Any CPU
		{2767EBAB-9D06-4C7B-A4FC-28DB7AE06798}.Debug|Any CPU.Build.0 = Debug|Any CPU
		{2767EBAB-9D06-4C7B-A4FC-28DB7AE06798}.Release|Any CPU.ActiveCfg = Release|Any CPU
		{2767EBAB-9D06-4C7B-A4FC-28DB7AE06798}.Release|Any CPU.Build.0 = Release|Any CPU
		{35154A9B-12EE-4A0E-86B9-E8E11FBD9BCC}.Debug|Any CPU.ActiveCfg = Debug|Any CPU
		{35154A9B-12EE-4A0E-86B9-E8E11FBD9BCC}.Debug|Any CPU.Build.0 = Debug|Any CPU
		{35154A9B-12EE-4A0E-86B9-E8E11FBD9BCC}.Release|Any CPU.ActiveCfg = Release|Any CPU
		{35154A9B-12EE-4A0E-86B9-E8E11FBD9BCC}.Release|Any CPU.Build.0 = Release|Any CPU
	EndGlobalSection
	GlobalSection(SolutionProperties) = preSolution
		HideSolutionNode = FALSE
	EndGlobalSection
EndGlobal
